version: v2
locks:
  f/docuseal/nda_completed: 58e1706e8e3fc1794d42a80384250abca1a34a0b9b3cab3fd9ae2a2544f8ff25
  f/switchboard/act_signal: 846df290d32d6770cecf5c8eba350feee84500b134516b06a944518460649821
  f/switchboard/check_gmail_watch_health: 66f9b3ba14929a63cb5ed0b32fff4a2484cc2ab65e4f12d05fa5b2857922a36d
  f/switchboard/diagnostic_raw_headers: 9140107725deb8c2a685a8abd278d740fe1129c68f97b1a9a8a5e3c1f14f2bc2
  f/switchboard/diagnostic_sent_headers: e17c811d0b821a8d350bc3a6f291bd754fc99a6bd532d0cfe1ac29488dc1dcee
  f/switchboard/diagnostic_sent_threads: 4a6dc53f9341cb64d159dd831dff22ec3d97e8191c77cf5f659674b0d6eb1535
  f/switchboard/get_pending_draft_signals: d6aa8125d9e62682f0a215e092ed92a65513c9332e6c4c5de049cccfd89ddbdb
  f/switchboard/gmail_polling_trigger: 8f53ae79f9b2e6665d5c09a005186edf457eadfac24c4671c7c7a63061df0bc3
  f/switchboard/gmail_pubsub_webhook: a0054fdfc75ce6774f76e988317f5fc9ec56d94e94edfb3cc598e577271e2b8d
  f/switchboard/lead_conversation.flow+__flow_hash: 1e543d862e42f6d8d88e1485ab2a6070a4f301125dc46440b6f8d6c57083ca91
  f/switchboard/lead_conversation.flow+approval_gate_(reply_draft).inline_script.py: 13eb516aa811897ffee162a84f4b2e3902ed2b8eb97d938c930a7bfe39078726
  f/switchboard/lead_conversation.flow+fetch_thread_+_classify_reply.inline_script.py: 1bc43674b58cdfd8f0a8534f2c21fb74dc52eb32d68afad701ee3ffdafbb78ff
  f/switchboard/lead_conversation.flow+generate_response_draft.inline_script.py: ef368b52c63d84c9bf73abb74b99b85c11b72768c948c039f13f757cd822a3f1
  f/switchboard/lead_conversation.flow+post_approval_(crm_+_sms).inline_script.py: 7673948ddd27d8df172008c64d60eb961ea441fc582a245181b98d22ab8190e9
  f/switchboard/lead_intake.flow+__flow_hash: 232b23fa9585884e89cb5f705916fcb5caf1a903177d3408fcadbcb656c4389c
  f/switchboard/lead_intake.flow+approval_gate_(draft).inline_script.py: e860e52a0cc98076da7928e83ea7e4c22c1456eaaa66dff245297abc7043d571
  f/switchboard/lead_intake.flow+dedup_and_group.inline_script.py: 86c2efed79f5cb841baec1f07cdbd729663bdffd18666c509015df22ade8d9f0
  f/switchboard/lead_intake.flow+generate_drafts_+_gmail.inline_script.py: 465677244cfd5273e150cdab56f4d3b15b0457291cd816c7894a499ae82efba8
  f/switchboard/lead_intake.flow+post_approval_(crm_+_sms).inline_script.py: 10a4ce552d8774ea4b89e19837189f9fb43eaa82a27319c5d4bcaa7d09d8e550
  f/switchboard/lead_intake.flow+property_match.inline_script.py: 3dec6eb05f73a173a84a09f75f12feadac1d8ad4bc9776aeb43ad534af072cdd
  f/switchboard/lead_intake.flow+wiseagent_lookup_+_create.inline_script.py: 92b4f2d12a110b4bdd1afd55ca9a92d6ebbe07de6627979ff0a76592499b7574
  f/switchboard/message_router.flow+__flow_hash: 20a50b771caffdb29c42be0b1cb13dbe2a5d2d8dd3c9577f76d9d313987e331a
  f/switchboard/message_router.flow+post_to_rrg-brochure.inline_script.py: 7217c7e1ca73173515c59147ff07c3bfa732d9e965cb877eed6b48b7dec6da43
  f/switchboard/message_router.flow+post_to_rrg-pnl.inline_script.py: c034d53ca65648244b5b37bc2fd4aff786a7250c26f96913dd5e3fbd4b3eb076
  f/switchboard/message_router.flow+unknown_worker_error.inline_script.py: a398ac2b89fd803dc8ef3e411e672e35257d66d3b73c58bce463f081ead3d4a8
  f/switchboard/process_staged_leads: c30b61fde89acc7fc8ce3ade0427ab38b9bec15e7573209e79fe1cf40bf6d718
  f/switchboard/read_signals: 6891c9955605854a1c836953a98f793d1e9acc23954a48801837c50bb05bd277
  f/switchboard/setup_gmail_leads_watch: eb9b25d636f50c4e8c2a44ebdeaa65bd4c26605648f269b7e2241ba8f62fcd68
  f/switchboard/setup_gmail_watch: 9b3b1c1224a976aa5c88fb13f2ddb420733e81ac7437cc0cdad4a5cd07b4bb2f
  f/switchboard/write_signal: 6d07c6bd2e2dc574af1b1b4288167d615b4a2ce7ebc63643763088696a839b2b
